
Microsoft Visual Studio Solution File, Format Version 12.00
# Visual Studio Version 16
VisualStudioVersion = 16.0.31727.386
MinimumVisualStudioVersion = 10.0.40219.1
Project("{9A19103F-16F7-4668-BE54-9A1E7A4F7556}") = "API", "API\API.csproj", "{9A498394-8321-4124-80B4-01E9327763FE}"
EndProject
Project("{9A19103F-16F7-4668-BE54-9A1E7A4F7556}") = "Domain", "Domain\Domain.csproj", "{F9185349-9F34-49D5-804F-9B8632F35AFC}"
EndProject
Project("{9A19103F-16F7-4668-BE54-9A1E7A4F7556}") = "EFDB", "EFDB\EFDB.csproj", "{3086F8F3-9529-4174-A304-A1371D592F4F}"
EndProject
Project("{9A19103F-16F7-4668-BE54-9A1E7A4F7556}") = "SharedModels", "SharedModels\SharedModels.csproj", "{BFD32AD2-B697-4A28-BD5F-5556B845A7AD}"
EndProject
Project("{FAE04EC0-301F-11D3-BF4B-00C04F79EFBC}") = "BSS", "BSS\BSS.csproj", "{ABFFBEBA-6D99-47DA-84F4-2178A8C87BC0}"
EndProject
Global
	GlobalSection(SolutionConfigurationPlatforms) = preSolution
		Debug|Any CPU = Debug|Any CPU
		Release|Any CPU = Release|Any CPU
	EndGlobalSection
	GlobalSection(ProjectConfigurationPlatforms) = postSolution
		{9A498394-8321-4124-80B4-01E9327763FE}.Debug|Any CPU.ActiveCfg = Debug|Any CPU
		{9A498394-8321-4124-80B4-01E9327763FE}.Debug|Any CPU.Build.0 = Debug|Any CPU
		{9A498394-8321-4124-80B4-01E9327763FE}.Release|Any CPU.ActiveCfg = Release|Any CPU
		{9A498394-8321-4124-80B4-01E9327763FE}.Release|Any CPU.Build.0 = Release|Any CPU
		{F9185349-9F34-49D5-804F-9B8632F35AFC}.Debug|Any CPU.ActiveCfg = Debug|Any CPU
		{F9185349-9F34-49D5-804F-9B8632F35AFC}.Debug|Any CPU.Build.0 = Debug|Any CPU
		{F9185349-9F34-49D5-804F-9B8632F35AFC}.Release|Any CPU.ActiveCfg = Release|Any CPU
		{F9185349-9F34-49D5-804F-9B8632F35AFC}.Release|Any CPU.Build.0 = Release|Any CPU
		{3086F8F3-9529-4174-A304-A1371D592F4F}.Debug|Any CPU.ActiveCfg = Debug|Any CPU
		{3086F8F3-9529-4174-A304-A1371D592F4F}.Debug|Any CPU.Build.0 = Debug|Any CPU
		{3086F8F3-9529-4174-A304-A1371D592F4F}.Release|Any CPU.ActiveCfg = Release|Any CPU
		{3086F8F3-9529-4174-A304-A1371D592F4F}.Release|Any CPU.Build.0 = Release|Any CPU
		{BFD32AD2-B697-4A28-BD5F-5556B845A7AD}.Debug|Any CPU.ActiveCfg = Debug|Any CPU
		{BFD32AD2-B697-4A28-BD5F-5556B845A7AD}.Debug|Any CPU.Build.0 = Debug|Any CPU
		{BFD32AD2-B697-4A28-BD5F-5556B845A7AD}.Release|Any CPU.ActiveCfg = Release|Any CPU
		{BFD32AD2-B697-4A28-BD5F-5556B845A7AD}.Release|Any CPU.Build.0 = Release|Any CPU
		{ABFFBEBA-6D99-47DA-84F4-2178A8C87BC0}.Debug|Any CPU.ActiveCfg = Debug|Any CPU
		{ABFFBEBA-6D99-47DA-84F4-2178A8C87BC0}.Debug|Any CPU.Build.0 = Debug|Any CPU
		{ABFFBEBA-6D99-47DA-84F4-2178A8C87BC0}.Release|Any CPU.ActiveCfg = Release|Any CPU
		{ABFFBEBA-6D99-47DA-84F4-2178A8C87BC0}.Release|Any CPU.Build.0 = Release|Any CPU
	EndGlobalSection
	GlobalSection(SolutionProperties) = preSolution
		HideSolutionNode = FALSE
	EndGlobalSection
	GlobalSection(ExtensibilityGlobals) = postSolution
		SolutionGuid = {A5B709F8-D9EE-418F-9F29-2FECAFCD3455}
	EndGlobalSection
EndGlobal
